
Microsoft Visual Studio Solution File, Format Version 12.00
# Visual Studio Version 17
VisualStudioVersion = 17.4.33213.308
MinimumVisualStudioVersion = 10.0.40219.1
Project("{9A19103F-16F7-4668-BE54-9A1E7A4F7556}") = "BioFilmer", "BioFilmer\BioFilmer.csproj", "{1ED5FD08-D978-48C3-B4F1-BE5AB1DAA1A0}"
EndProject
Global
	GlobalSection(SolutionConfigurationPlatforms) = preSolution
		Debug|Any CPU = Debug|Any CPU
		Debug|x64 = Debug|x64
		Release|Any CPU = Release|Any CPU
		Release|x64 = Release|x64
	EndGlobalSection
	GlobalSection(ProjectConfigurationPlatforms) = postSolution
		{1ED5FD08-D978-48C3-B4F1-BE5AB1DAA1A0}.Debug|Any CPU.ActiveCfg = Debug|Any CPU
		{1ED5FD08-D978-48C3-B4F1-BE5AB1DAA1A0}.Debug|Any CPU.Build.0 = Debug|Any CPU
		{1ED5FD08-D978-48C3-B4F1-BE5AB1DAA1A0}.Debug|x64.ActiveCfg = Debug|x64
		{1ED5FD08-D978-48C3-B4F1-BE5AB1DAA1A0}.Debug|x64.Build.0 = Debug|x64
		{1ED5FD08-D978-48C3-B4F1-BE5AB1DAA1A0}.Release|Any CPU.ActiveCfg = Release|Any CPU
		{1ED5FD08-D978-48C3-B4F1-BE5AB1DAA1A0}.Release|Any CPU.Build.0 = Release|Any CPU
		{1ED5FD08-D978-48C3-B4F1-BE5AB1DAA1A0}.Release|x64.ActiveCfg = Release|x64
		{1ED5FD08-D978-48C3-B4F1-BE5AB1DAA1A0}.Release|x64.Build.0 = Release|x64
	EndGlobalSection
	GlobalSection(SolutionProperties) = preSolution
		HideSolutionNode = FALSE
	EndGlobalSection
	GlobalSection(ExtensibilityGlobals) = postSolution
		SolutionGuid = {C7009D06-ACDC-48D5-B584-E367790234B7}
	EndGlobalSection
EndGlobal
